{
    "_meta": {
        "hash": {
            "sha256": "0b73c02e6a21c2260680b8b9b712be6d986c6e11d1ce1a9eae9e7e26093b49cf"
        },
        "pipfile-spec": 6,
        "requires": {
            "python_version": "3.7"
        },
        "sources": [
            {
                "name": "pypi",
                "url": "https://pypi.org/simple",
                "verify_ssl": true
            }
        ]
    },
    "default": {
        "astroid": {
            "hashes": [
                "sha256:35cfae47aac19c7b407b7095410e895e836f2285ccf1220336afba744cc4c5f2",
                "sha256:38186e481b65877fd8b1f9acc33e922109e983eb7b6e487bd4c71002134ad331"
            ],
            "index": "pypi",
            "version": "==1.6.3"
        },
        "atomicwrites": {
            "hashes": [
                "sha256:240831ea22da9ab882b551b31d4225591e5e447a68c5e188db5b89ca1d487585",
                "sha256:a24da68318b08ac9c9c45029f4a10371ab5b20e4226738e150e6e7c571630ae6"
            ],
            "index": "pypi",
            "version": "==1.1.5"
        },
        "attrs": {
            "hashes": [
                "sha256:4b90b09eeeb9b88c35bc642cbac057e45a5fd85367b985bd2809c62b7b939265",
                "sha256:e0d0eb91441a3b53dab4d9b743eafc1ac44476296a2053b6ca3af0b139faf87b"
            ],
            "index": "pypi",
            "version": "==18.1.0"
        },
        "autopep8": {
            "hashes": [
                "sha256:2284d4ae2052fedb9f466c09728e30d2e231cfded5ffd7b1a20c34123fdc4ba4"
            ],
            "index": "pypi",
            "version": "==1.3.5"
        },
        "backcall": {
            "hashes": [
                "sha256:38ecd85be2c1e78f77fd91700c76e14667dc21e2713b63876c0eb901196e01e4",
                "sha256:bbbf4b1e5cd2bdb08f915895b51081c041bac22394fdfcfdfbe9f14b77c08bf2"
            ],
            "index": "pypi",
            "version": "==0.1.0"
        },
        "beautifulsoup4": {
            "hashes": [
                "sha256:11a9a27b7d3bddc6d86f59fb76afb70e921a25ac2d6cc55b40d072bd68435a76",
                "sha256:7015e76bf32f1f574636c4288399a6de66ce08fb7b2457f628a8d70c0fbabb11",
                "sha256:808b6ac932dccb0a4126558f7dfdcf41710dd44a4ef497a0bb59a77f9f078e89"
            ],
            "index": "pypi",
            "version": "==4.6.0"
        },
        "boto": {
            "hashes": [
                "sha256:13be844158d1bd80a94c972c806ec8381b9ea72035aa06123c5db6bc6a6f3ead",
                "sha256:deb8925b734b109679e3de65856018996338758f4b916ff4fe7bb62b6d7000d1"
            ],
            "index": "pypi",
            "version": "==2.48.0"
        },
        "boto3": {
            "hashes": [
                "sha256:09f6e6e76c368c650bbd7df72a9dbb66b1fdb4ae37baf28dd8525246a4d75dd4",
                "sha256:a3091a1d1e050785152e9a62892c457b7cb2378cf0b28246fdab93cd7857b4e2"
            ],
            "index": "pypi",
            "version": "==1.7.37"
        },
        "botocore": {
            "hashes": [
                "sha256:5ae7db25223c9d2c30e44781d48c9c3eab93019abef39e8c3f8784d0f63825c2",
                "sha256:a909051fc9fc9a84674951cb4f54973659a53827f4e9e989cdae2a6a107bee1c"
            ],
            "index": "pypi",
            "version": "==1.10.37"
        },
        "bs4": {
            "hashes": [
                "sha256:36ecea1fd7cc5c0c6e4a1ff075df26d50da647b75376626cc186e2212886dd3a"
            ],
            "index": "pypi",
            "version": "==0.0.1"
        },
        "bz2file": {
            "hashes": [
                "sha256:64c1f811e31556ba9931953c8ec7b397488726c63e09a4c67004f43bdd28da88"
            ],
            "index": "pypi",
            "version": "==0.98"
        },
        "certifi": {
            "hashes": [
                "sha256:13e698f54293db9f89122b0581843a782ad0934a4fe0172d2a980ba77fc61bb7",
                "sha256:9fa520c1bacfb634fa7af20a76bcbd3d5fb390481724c597da32c719a7dca4b0"
            ],
            "index": "pypi",
            "version": "==2018.4.16"
        },
        "chardet": {
            "hashes": [
                "sha256:84ab92ed1c4d4f16916e05906b6b75a6c0fb5db821cc65e70cbd64a3e2a5eaae",
                "sha256:fc323ffcaeaed0e0a02bf4d117757b98aed530d9ed4531e3e15460124c106691"
            ],
            "index": "pypi",
            "version": "==3.0.4"
        },
        "cycler": {
            "hashes": [
                "sha256:1d8a5ae1ff6c5cf9b93e8811e581232ad8920aeec647c37316ceac982b08cb2d",
                "sha256:cd7b2d1018258d7247a71425e9f26463dfb444d411c39569972f4ce586b0c9d8"
            ],
            "index": "pypi",
            "version": "==0.10.0"
        },
        "decorator": {
            "hashes": [
                "sha256:2c51dff8ef3c447388fe5e4453d24a2bf128d3a4c32af3fabef1f01c6851ab82",
                "sha256:c39efa13fbdeb4506c476c9b3babf6a718da943dab7811c206005a4a956c080c"
            ],
            "index": "pypi",
            "version": "==4.3.0"
        },
        "docutils": {
            "hashes": [
                "sha256:02aec4bd92ab067f6ff27a38a38a41173bf01bed8f89157768c1573f53e474a6",
                "sha256:51e64ef2ebfb29cae1faa133b3710143496eca21c530f3f71424d77687764274",
                "sha256:7a4bd47eaf6596e1295ecb11361139febe29b084a87bf005bf899f9a42edc3c6"
            ],
            "index": "pypi",
            "version": "==0.14"
        },
        "funcy": {
            "hashes": [
                "sha256:95cbcd47b66e1fcc5737ef8f1f66be8626540ed181acaa8b483963d1af860510",
                "sha256:f3f3592a58551575d7f566b95d48970cfe0a9fbf7d6406c9a01c5c65be9121ba"
            ],
            "index": "pypi",
            "version": "==1.10.2"
        },
        "future": {
            "hashes": [
                "sha256:e39ced1ab767b5936646cedba8bcce582398233d6a627067d4c6a454c90cfedb"
            ],
            "index": "pypi",
            "version": "==0.16.0"
        },
        "gensim": {
            "hashes": [
                "sha256:05844c82c7c176449218fd3fc31e55e5d8b3fae460f261b11231f4c8ef2ed5e0",
                "sha256:0f75a6e57ec93b9bc63b79d1cc8022993efa03b03ad50adad7a4fef78081e845",
                "sha256:1f734990fcd472a048ed38696d9f5eeda4266ced0f4f2d7bbba0c18c601e441a",
                "sha256:2418a7036a15a7e11e08f5018d9278e0a4db420b53a99fe1c4e64f683df97b4b",
                "sha256:47e436a06dbe6b56dd253df2e36654a24e39c6d65f78aff93efab478fac0b906",
                "sha256:645e77e37c5cd84b4e32b35de7a3c5b82e551f8f36e19087bfc4db6a97ce4838",
                "sha256:7bafe3f2fd49738942ef04396cb1e50a38283fe02203e5d4c66588daa01fb87c",
                "sha256:87c5975a605b881eda15ebc0cd7f60011b257d2af1cb04053dc096e2d2fa42da",
                "sha256:8c3c9ed2c61c0b4fbd1ee1af45c3d9f9828213d4e8010bd40435b80ea25e7c95",
                "sha256:a1b0cd76770cb4b1378b42b5c5f2013f82bcdaddbce404fb5454881644ff6072",
                "sha256:a7747ab74d50d9f573e42fe645ab76d61037bb14f256a141503903fb5d762ff4",
                "sha256:ac562d4a02a8fe2f3c6021acd21ae027fb8d347c7dfc4872149f77ada60616c2",
                "sha256:cd8e1c062dea18032ec19be21e934f4b151e112ef90e269fbe3fea406c319724",
                "sha256:cdc71e6d0d1f983366d2f81bdb363cc3d3018b9cedb0d7cae1fdf76b353aa1fd",
                "sha256:e98b493addf7ff10f33322d57dbe642a9bbdac005c9f1f1adb9c613a1b189a0f",
                "sha256:f27e7043656d3b7fdc8a6bf006e8a03883d92ce62ccfbf97aa55ad40fa017cba",
                "sha256:f6ef9459dc67cfe25976ac0d1c80b24613594c9db985310b6c2cb995955e2173",
                "sha256:f95ccb312977d2333c6dccd83644c4f89b471879ca7577e6e343f011d0d9ee16"
            ],
            "index": "pypi",
            "version": "==3.4.0"
        },
        "idna": {
            "hashes": [
                "sha256:2c6a5de3089009e3da7c5dde64a141dbc8551d5b7f6cf4ed7c2568d0cc520a8f",
                "sha256:8c7309c718f94b3a625cb648ace320157ad16ff131ae0af362c9f21b80ef6ec4"
            ],
            "index": "pypi",
            "version": "==2.6"
        },
        "ipython": {
            "hashes": [
                "sha256:a0c96853549b246991046f32d19db7140f5b1a644cc31f0dc1edc86713b7676f",
                "sha256:eca537aa61592aca2fef4adea12af8e42f5c335004dfa80c78caf80e8b525e5c"
            ],
            "index": "pypi",
            "version": "==6.4.0"
        },
        "ipython-genutils": {
            "hashes": [
                "sha256:72dd37233799e619666c9f639a9da83c34013a73e8bbc79a7a6348d93c61fab8",
                "sha256:eb2e116e75ecef9d4d228fdc66af54269afa26ab4463042e33785b887c628ba8"
            ],
            "index": "pypi",
            "version": "==0.2.0"
        },
        "isort": {
            "hashes": [
                "sha256:1153601da39a25b14ddc54955dbbacbb6b2d19135386699e2ad58517953b34af",
                "sha256:b9c40e9750f3d77e6e4d441d8b0266cf555e7cdabdcff33c4fd06366ca761ef8",
                "sha256:ec9ef8f4a9bc6f71eec99e1806bfa2de401650d996c59330782b89a5555c1497"
            ],
            "index": "pypi",
            "version": "==4.3.4"
        },
        "jedi": {
            "hashes": [
                "sha256:1972f694c6bc66a2fac8718299e2ab73011d653a6d8059790c3476d2353b99ad",
                "sha256:5861f6dc0c16e024cbb0044999f9cf8013b292c05f287df06d3d991a87a4eb89"
            ],
            "index": "pypi",
            "version": "==0.12.0"
        },
        "jinja2": {
            "hashes": [
                "sha256:74320bb91f31270f9551d46522e33af46a80c3d619f4a4bf42b3164d30b5911f",
                "sha256:9fe95f19286cfefaa917656583d020be14e7859c6b0252588391e47db34527de"
            ],
            "index": "pypi",
            "version": "==2.10.3"
        },
        "jmespath": {
            "hashes": [
                "sha256:6a81d4c9aa62caf061cb517b4d9ad1dd300374cd4706997aff9cd6aedd61fc64",
                "sha256:f11b4461f425740a1d908e9a3f7365c3d2e569f6ca68a2ff8bc5bcd9676edd63"
            ],
            "index": "pypi",
            "version": "==0.9.3"
        },
        "joblib": {
            "hashes": [
                "sha256:7b8fd56df36d9731a83729395ccb85a3b401f62a96255deb1a77220c00ed4085",
                "sha256:cf3420e27048c66916754472bc3a2d4717271103a4806f31f11707a3d82a991f"
            ],
            "index": "pypi",
            "version": "==0.11"
        },
        "kiwisolver": {
            "hashes": [
                "sha256:0ee4ed8b3ae8f5f712b0aa9ebd2858b5b232f1b9a96b0943dceb34df2a223bc3",
                "sha256:0f7f532f3c94e99545a29f4c3f05637f4d2713e7fd91b4dd8abfc18340b86cd5",
                "sha256:1a078f5dd7e99317098f0e0d490257fd0349d79363e8c923d5bb76428f318421",
                "sha256:1aa0b55a0eb1bd3fa82e704f44fb8f16e26702af1a073cc5030eea399e617b56",
                "sha256:2874060b91e131ceeff00574b7c2140749c9355817a4ed498e82a4ffa308ecbc",
                "sha256:379d97783ba8d2934d52221c833407f20ca287b36d949b4bba6c75274bcf6363",
                "sha256:3b791ddf2aefc56382aadc26ea5b352e86a2921e4e85c31c1f770f527eb06ce4",
                "sha256:4329008a167fac233e398e8a600d1b91539dc33c5a3eadee84c0d4b04d4494fa",
                "sha256:45813e0873bbb679334a161b28cb9606d9665e70561fd6caa8863e279b5e464b",
                "sha256:53a5b27e6b5717bdc0125338a822605084054c80f382051fb945d2c0e6899a20",
                "sha256:574f24b9805cb1c72d02b9f7749aa0cc0b81aa82571be5201aa1453190390ae5",
                "sha256:66f82819ff47fa67a11540da96966fb9245504b7f496034f534b81cacf333861",
                "sha256:79e5fe3ccd5144ae80777e12973027bd2f4f5e3ae8eb286cabe787bed9780138",
                "sha256:83410258eb886f3456714eea4d4304db3a1fc8624623fc3f38a487ab36c0f653",
                "sha256:8b6a7b596ce1d2a6d93c3562f1178ebd3b7bb445b3b0dd33b09f9255e312a965",
                "sha256:9576cb63897fbfa69df60f994082c3f4b8e6adb49cccb60efb2a80a208e6f996",
                "sha256:95a25d9f3449046ecbe9065be8f8380c03c56081bc5d41fe0fb964aaa30b2195",
                "sha256:a424f048bebc4476620e77f3e4d1f282920cef9bc376ba16d0b8fe97eec87cde",
                "sha256:aaec1cfd94f4f3e9a25e144d5b0ed1eb8a9596ec36d7318a504d813412563a85",
                "sha256:acb673eecbae089ea3be3dcf75bfe45fc8d4dcdc951e27d8691887963cf421c7",
                "sha256:b15bc8d2c2848a4a7c04f76c9b3dc3561e95d4dabc6b4f24bfabe5fd81a0b14f",
                "sha256:b1c240d565e977d80c0083404c01e4d59c5772c977fae2c483f100567f50847b",
                "sha256:c595693de998461bcd49b8d20568c8870b3209b8ea323b2a7b0ea86d85864694",
                "sha256:ce3be5d520b4d2c3e5eeb4cd2ef62b9b9ab8ac6b6fedbaa0e39cdb6f50644278",
                "sha256:e0f910f84b35c36a3513b96d816e6442ae138862257ae18a0019d2fc67b041dc",
                "sha256:ea36e19ac0a483eea239320aef0bd40702404ff8c7e42179a2d9d36c5afcb55c",
                "sha256:efabbcd4f406b532206b8801058c8bab9e79645b9880329253ae3322b7b02cd5",
                "sha256:f923406e6b32c86309261b8195e24e18b6a8801df0cfc7814ac44017bfcb3939"
            ],
            "index": "pypi",
            "version": "==1.0.1"
        },
        "lazy-object-proxy": {
            "hashes": [
                "sha256:0ce34342b419bd8f018e6666bfef729aec3edf62345a53b537a4dcc115746a33",
                "sha256:1b668120716eb7ee21d8a38815e5eb3bb8211117d9a90b0f8e21722c0758cc39",
                "sha256:209615b0fe4624d79e50220ce3310ca1a9445fd8e6d3572a896e7f9146bbf019",
                "sha256:27bf62cb2b1a2068d443ff7097ee33393f8483b570b475db8ebf7e1cba64f088",
                "sha256:27ea6fd1c02dcc78172a82fc37fcc0992a94e4cecf53cb6d73f11749825bd98b",
                "sha256:2c1b21b44ac9beb0fc848d3993924147ba45c4ebc24be19825e57aabbe74a99e",
                "sha256:2df72ab12046a3496a92476020a1a0abf78b2a7db9ff4dc2036b8dd980203ae6",
                "sha256:320ffd3de9699d3892048baee45ebfbbf9388a7d65d832d7e580243ade426d2b",
                "sha256:50e3b9a464d5d08cc5227413db0d1c4707b6172e4d4d915c1c70e4de0bbff1f5",
                "sha256:5276db7ff62bb7b52f77f1f51ed58850e315154249aceb42e7f4c611f0f847ff",
                "sha256:61a6cf00dcb1a7f0c773ed4acc509cb636af2d6337a08f362413c76b2b47a8dd",
                "sha256:6ae6c4cb59f199d8827c5a07546b2ab7e85d262acaccaacd49b62f53f7c456f7",
                "sha256:7661d401d60d8bf15bb5da39e4dd72f5d764c5aff5a86ef52a042506e3e970ff",
                "sha256:7bd527f36a605c914efca5d3d014170b2cb184723e423d26b1fb2fd9108e264d",
                "sha256:7cb54db3535c8686ea12e9535eb087d32421184eacc6939ef15ef50f83a5e7e2",
                "sha256:7f3a2d740291f7f2c111d86a1c4851b70fb000a6c8883a59660d95ad57b9df35",
                "sha256:81304b7d8e9c824d058087dcb89144842c8e0dea6d281c031f59f0acf66963d4",
                "sha256:933947e8b4fbe617a51528b09851685138b49d511af0b6c0da2539115d6d4514",
                "sha256:94223d7f060301b3a8c09c9b3bc3294b56b2188e7d8179c762a1cda72c979252",
                "sha256:ab3ca49afcb47058393b0122428358d2fbe0408cf99f1b58b295cfeb4ed39109",
                "sha256:bd6292f565ca46dee4e737ebcc20742e3b5be2b01556dafe169f6c65d088875f",
                "sha256:cb924aa3e4a3fb644d0c463cad5bc2572649a6a3f68a7f8e4fbe44aaa6d77e4c",
                "sha256:d0fc7a286feac9077ec52a927fc9fe8fe2fabab95426722be4c953c9a8bede92",
                "sha256:ddc34786490a6e4ec0a855d401034cbd1242ef186c20d79d2166d6a4bd449577",
                "sha256:e34b155e36fa9da7e1b7c738ed7767fc9491a62ec6af70fe9da4a057759edc2d",
                "sha256:e5b9e8f6bda48460b7b143c3821b21b452cb3a835e6bbd5dd33aa0c8d3f5137d",
                "sha256:e81ebf6c5ee9684be8f2c87563880f93eedd56dd2b6146d8a725b50b7e5adb0f",
                "sha256:eb91be369f945f10d3a49f5f9be8b3d0b93a4c2be8f8a5b83b0571b8123e0a7a",
                "sha256:f460d1ceb0e4a5dcb2a652db0904224f367c9b3c1470d5a7683c0480e582468b"
            ],
            "index": "pypi",
            "version": "==1.3.1"
        },
        "lda": {
            "hashes": [
                "sha256:1334aa8d45fb3b53675e17e9f341e1a0d626c55bb9acf52b69a5a854a24a88cc",
                "sha256:348557c6c85ae0cd8a12b45619b8d776836d7d4db4361c3f761f70dca18c9d77",
                "sha256:3a6fba535e41899dc0f8256b5938d9ac3902fe3d8bc2b1cef8e892565a897d6e",
                "sha256:3dbd1e1a88e4512fccfae02571cbae874f297033ad838b58adac29ca5751d7cf",
                "sha256:40fa640cd459a3a981dc2f418f16cc831839cce77a5965f719c1b09e744a24c7",
                "sha256:4e1c12e3b533a0acd7871fd35fddde3386820705016ef22a8fe8bbcae9c16d1b",
                "sha256:6482bef73a1c366be33cab383ab83480614755fd0ed59060c2aa886fa3953166",
                "sha256:6f6cbcac6596b5bf711e5fd4fde17ce3024afe1a00e7401fb6abe2e389c4495b",
                "sha256:7affb0c3c7224554b5647ad6a8ec5ca04eb56db8ceb932dcdebf911d0d7adb12",
                "sha256:8c371225d33291d6afe1c068e15acb7dccc040f583def6d8bdb27b1ff085e726",
                "sha256:92c747c7f5afe0b743ec9c3b6b7498bc430cf44ef3841e77bb367ddcd0b7f4c7",
                "sha256:97bac1d8afbc9c1e4ed5740b365d0d83ace2577503f7a47fc6cf838aa83eeaa3",
                "sha256:a85f6452f3a84cfbd32070722e17157f2f9af294098e4911a05c9954e1dd0771",
                "sha256:b327debd97a11f562478e37b84a0f4c0e5b925cbe7d497c10d03d145000734ef",
                "sha256:bc28b77a3ad8cac585a4409dd854dc70a7e961c38e03ce8ab8f80cdebcc614b8",
                "sha256:e2873be69f1d69a0db0d9ccb63b06d098a233337561d349d410a4d567306dd64",
                "sha256:e567e4eacf3d16ef56688d4f47fdffc2046fba027620c5fde6b08cb83619157c",
                "sha256:f2509ff4ca6c7bd8fc70bad02a988c6b0532b91a87f195af2c63abe06ead2da1",
                "sha256:fccdcda2c8df1c81dec76c421ce8bc6ac1bf723429a3eadf59a2fba736f449b8"
            ],
            "index": "pypi",
            "version": "==1.0.5"
        },
        "markdown": {
            "hashes": [
                "sha256:9ba587db9daee7ec761cfc656272be6aabe2ed300fece21208e4aab2e457bc8f",
                "sha256:a856869c7ff079ad84a3e19cd87a64998350c2b94e9e08e44270faef33400f81"
            ],
            "index": "pypi",
            "version": "==2.6.11"
        },
        "markupsafe": {
            "hashes": [
                "sha256:a6be69091dac236ea9c6bc7d012beab42010fa914c459791d627dad4910eb665"
            ],
            "index": "pypi",
            "version": "==1.0"
        },
        "matplotlib": {
            "hashes": [
                "sha256:07055eb872fa109bd88f599bdb52065704b2e22d475b67675f345d75d32038a0",
                "sha256:0f2f253d6d51f5ed52a819921f8a0a8e054ce0daefcfbc2557e1c433f14dc77d",
                "sha256:1770b70622b78f3fd76638526b8c176af8b23a0b129e0190d9407fa403855e0c",
                "sha256:1ef9fd285334bd6b0495b6de9d56a39dc95081577f27bafabcf28e0d318bed31",
                "sha256:3eb17a4dc45e1ceefb899423e8152e10169fa281f960421c762fd8532186c323",
                "sha256:3fb2db66ef98246bafc04b4ef4e9b0e73c6369f38a29716844e939d197df816a",
                "sha256:3fd90b407d1ab0dae686a4200030ce305526ff20b85a443dc490d194114b2dfa",
                "sha256:45dac8589ef1721d7f2ab0f48f986694494dfcc5d13a3e43a5cb6c816276094e",
                "sha256:4bb10087e09629ba3f9b25b6c734fd3f99542f93d71c5b9c023f28cb377b43a9",
                "sha256:4dc7ef528aad21f22be85e95725234c5178c0f938e2228ca76640e5e84d8cde8",
                "sha256:4f6a516d5ef39128bb16af7457e73dde25c30625c4916d8fbd1cc7c14c55e691",
                "sha256:70f0e407fbe9e97f16597223269c849597047421af5eb8b60dbaca0382037e78",
                "sha256:7b3d03c876684618e2a2be6abeb8d3a033c3a1bb38a786f751199753ef6227e6",
                "sha256:8944d311ce37bee1ba0e41a9b58dcf330ffe0cf29d7654c3d07c572215da68ac",
                "sha256:8ff08eaa25c66383fe3b6c7eb288da3c22dcedc4b110a0b592b35f68d0e093b2",
                "sha256:9d12378d6a236aa38326e27f3a29427b63edce4ce325745785aec1a7535b1f85",
                "sha256:abfd3d9390eb4f2d82cbcaa3a5c2834c581329b64eccb7a071ed9d5df27424f7",
                "sha256:bc4d7481f0e8ec94cb1afc4a59905d6274b3b4c389aba7a2539e071766671735",
                "sha256:c78883145da9b5620aec523fa14ea814e07f2ba26a16b7f68ff7300604a911b3",
                "sha256:dc0ba2080fd0cfdd07b3458ee4324d35806733feb2b080838d7094731d3f73d9",
                "sha256:f26fba7fc68994ab2805d77e0695417f9377a00d36ba4248b5d0f1e5adb08d24",
                "sha256:f397479742c1ca31805a4bffdfcc5f6189a31116b79aa0b83a50c689f42a23bb"
            ],
            "index": "pypi",
            "version": "==2.2.2"
        },
        "mccabe": {
            "hashes": [
                "sha256:ab8a6258860da4b6677da4bd2fe5dc2c659cff31b3ee4f7f5d64e79735b80d42",
                "sha256:dd8d182285a0fe56bace7f45b5e7d1a6ebcbf524e8f3bd87eb0f125271b8831f"
            ],
            "index": "pypi",
            "version": "==0.6.1"
        },
        "more-itertools": {
            "hashes": [
                "sha256:2b6b9893337bfd9166bee6a62c2b0c9fe7735dcf85948b387ec8cba30e85d8e8",
                "sha256:6703844a52d3588f951883005efcf555e49566a48afd4db4e965d69b883980d3",
                "sha256:a18d870ef2ffca2b8463c0070ad17b5978056f403fb64e3f15fe62a52db21cc0"
            ],
            "index": "pypi",
            "version": "==4.2.0"
        },
        "nltk": {
            "hashes": [
                "sha256:bed45551259aa2101381bbdd5df37d44ca2669c5c3dad72439fa459b29137d94"
            ],
            "index": "pypi",
            "version": "==3.4.5"
        },
        "numexpr": {
            "hashes": [
                "sha256:034275449f92817d170bbc0660e4618c6eed431c599a36ed5959cbfca3683f74",
                "sha256:2a219fc58ca468f86d48cb1b471a1daa202f434eb3d9d1ba01938ab944ccfa48",
                "sha256:2ace3cb8d5b141df21f1fa67dfbaf790138f739f34341bf64cfb46a054cfcb61",
                "sha256:399120182cd33d018b2206327e5957fc20c1a6107db73985bd2c8ca1571cbca9",
                "sha256:3ba49c1a010ffb7307d8a4b213f6a4dfdf04ccdd67c158b5629453d754ccce57",
                "sha256:41bea277781d514ed913c2b3e9b5074aa379e75e94f7071c96ad9301c1909ae8",
                "sha256:59fb02feca82619050be0367299c3ae2bfb704e4f294f665ab744ba110dd1df3",
                "sha256:5d086f73da40b1a3dc7887e645b309a2c4cf9388a5e33fa3d11e1dc3d17a067e",
                "sha256:5d8f4ed9b88f9735303a72cf30be511f3fefd03068a36897910855b4fdc03ab6",
                "sha256:6b737d4971d3c8b7293a211eab3e044d28583532094e4dd438ae8b6e34d26361",
                "sha256:76e3c14d81c056fa9160fa0965838593df947df8cec54ff396309c03b4451e10",
                "sha256:7b58d0ab71c0e3057bd4bbe9099e23ebe839087046b0bf372032df1461fa3c23",
                "sha256:8494553ee6db694168226bc13714e65cade4d87ad9a0210e2064efa64fa32097",
                "sha256:8b846245e092ecc2cbf6bc71b95549bcb6fd746fd3d93cc9ac8627b4d7f61f92",
                "sha256:9f79d0f01a661451819f8f8b518e402878c226f8521e7cd0b903b7e1351a667e",
                "sha256:a53675d7febf91226f9f0e6eaa87845a5faf81a16d707b3d51701e22444c208e",
                "sha256:d5c20881cb2f460b7aa21525e994990114ed0c5e62f0ac9fbafa2a74ed7362db",
                "sha256:e1dc2c5cd9201e29cc7bb443caf61e284cbbef261edd56c394e5aa60dae83c2f",
                "sha256:e2c2be8f2a9bf3e8da460fa0502fcba63a2ae3721cd9445b40bda3aab01c2fe5",
                "sha256:e2e8b16f74aec96f33de9cada3ac982eb1fc41e88a50651f483ffda96c84e474",
                "sha256:f85dd6a89b98b47d4be2588f0d86f163fcf883bb901557518e03cb07ea1cdf09",
                "sha256:f8ad8014085628eab91bc82fb9d10cf9ab8e04ede4884e4a1061445d395b36bb",
                "sha256:f9932e7cf7b4faae77170b5658196c167369a00332e1d99a38e698d815ba3266"
            ],
            "index": "pypi",
            "version": "==2.6.5"
        },
        "numpy": {
            "hashes": [
                "sha256:07379fe0b450f6fd6e5934a9bc015025bb4ce1c8fbed3ca8bef29328b1bc9570",
                "sha256:085afac75bbc97a096744fcfc97a4b321c5a87220286811e85089ae04885acdd",
                "sha256:2d6481c6bdab1c75affc0fc71eb1bd4b3ecef620d06f2f60c3f00521d54be04f",
                "sha256:2df854df882d322d5c23087a4959e145b953dfff2abe1774fec4f639ac2f3160",
                "sha256:381ad13c30cd1d0b2f3da8a0c1a4aa697487e8bb0e9e0cbeb7439776bcb645f8",
                "sha256:385f1ce46e08676505b692bfde918c1e0b350963a15ef52d77691c2cf0f5dbf6",
                "sha256:4130e5ae16c656b7de654dc5e595cfeb85d3a4b0bb0734d19c0dce6dc7ee0e07",
                "sha256:4d278c2261be6423c5e63d8f0ceb1b0c6db3ff83f2906f4b860db6ae99ca1bb5",
                "sha256:51c5dcb51cf88b34b7d04c15f600b07c6ccbb73a089a38af2ab83c02862318da",
                "sha256:589336ba5199c8061239cf446ee2f2f1fcc0c68e8531ee1382b6fc0c66b2d388",
                "sha256:5ae3564cb630e155a650f4f9c054589848e97836bebae5637240a0d8099f817b",
                "sha256:5edf1acc827ed139086af95ce4449b7b664f57a8c29eb755411a634be280d9f2",
                "sha256:6b82b81c6b3b70ed40bc6d0b71222ebfcd6b6c04a6e7945a936e514b9113d5a3",
                "sha256:6c57f973218b776195d0356e556ec932698f3a563e2f640cfca7020086383f50",
                "sha256:758d1091a501fd2d75034e55e7e98bfd1370dc089160845c242db1c760d944d9",
                "sha256:8622db292b766719810e0cb0f62ef6141e15fe32b04e4eb2959888319e59336b",
                "sha256:8b8dcfcd630f1981f0f1e3846fae883376762a0c1b472baa35b145b911683b7b",
                "sha256:91fdd510743ae4df862dbd51a4354519dd9fb8941347526cd9c2194b792b3da9",
                "sha256:97fa8f1dceffab782069b291e38c4c2227f255cdac5f1e3346666931df87373e",
                "sha256:9b705f18b26fb551366ab6347ba9941b62272bf71c6bbcadcd8af94d10535241",
                "sha256:9d69967673ab7b028c2df09cae05ba56bf4e39e3cb04ebe452b6035c3b49848e",
                "sha256:9e1f53afae865cc32459ad211493cf9e2a3651a7295b7a38654ef3d123808996",
                "sha256:a4a433b3a264dbc9aa9c7c241e87c0358a503ea6394f8737df1683c7c9a102ac",
                "sha256:baadc5f770917ada556afb7651a68176559f4dca5f4b2d0947cd15b9fb84fb51",
                "sha256:c725d11990a9243e6ceffe0ab25a07c46c1cc2c5dc55e305717b5afe856c9608",
                "sha256:d696a8c87315a83983fc59dd27efe034292b9e8ad667aeae51a68b4be14690d9",
                "sha256:e1864a4e9f93ddb2dc6b62ccc2ec1f8250ff4ac0d3d7a15c8985dd4e1fbd6418",
                "sha256:e1d18421a7e2ad4a655b76e65d549d4159f8874c18a417464c1d439ee7ccc7cd"
            ],
            "index": "pypi",
            "version": "==1.14.5"
        },
        "ordered-set": {
            "hashes": [
                "sha256:11f0279ddb2a64cf415de74468fa4306d10a73f13a712fc036305eec650319bb",
                "sha256:a7bfa858748c73b096e43db14eb23e2bc714a503f990c89fac8fab9b0ee79724"
            ],
            "version": "==3.1.1"
        },
        "pandas": {
            "hashes": [
                "sha256:211cfdb9f72f26d2ede21c751d27e08fed4434d47fb9bb82ebc8ff753888b8b6",
                "sha256:28fd087514616549a0e3259cd68ac88d7eaed6bd3062017a7f312e27941266bd",
                "sha256:2fb7c63138bd5ead296b18b2cb6abd3a394f7581e5ae052b02b27df8244b03ca",
                "sha256:372435456c349a8d39ff001967b161f6bd29d4c3de145a4cf9b366648defbb1f",
                "sha256:3790a3348ab0f416e58061d21693cb662fbb2f638001b94bf2b2199fedc1b1c2",
                "sha256:437a6e906a6717a9ed2627cf6e7895b63dfaa0172567cbd75a553f55cf78cc17",
                "sha256:50b52af2af2e15f4aeb2fe196da073a8c131fa02e433e105d95ce40016df5690",
                "sha256:720daad75b5d35dd1b446842210c4f3fd447464c9c0884972f3f12b213a9edd1",
                "sha256:b4fb71acbc2709b8f5993cb4b5445d8182864f11c39787e317aae39f21206270",
                "sha256:b704fd73022342cce612996de495a16954311e0c0cf077c1b83d5cf0b9656a60",
                "sha256:cbbecca0c7af6a2160b2d6ba30becc286824a98c61dcc6a41fada664f226424c",
                "sha256:d2a071de755cc8ee7784e1b4c7b9b643d951d35c8adea7d64fe7c57cff9c47a7",
                "sha256:d8154c5c68713a82461aba735832f0b4692be8a45a0a340a303bf90d6f80f36f",
                "sha256:e1b86f7c55467ce1f6c12715f2fd1817f4a909b5c8c39bd4b5d2415ef2b04bd8",
                "sha256:fcc63e8134516e93e16eb4ceac9afaa51f4adc5bf58efddae7cbc562f5b77dd0"
            ],
            "index": "pypi",
            "version": "==0.23.1"
        },
        "pandoc": {
            "hashes": [
                "sha256:1b54f65f127583be75c74b63378ca42a8adc80955de3d33e8915fec35617b1fd"
            ],
            "index": "pypi",
            "version": "==1.0.2"
        },
        "parso": {
            "hashes": [
                "sha256:cdef26e8adc10d589f3ec4eb444bd0a29f3f1eb6d72a4292ab8afcb9d68976a6",
                "sha256:f0604a40b96e062b0fd99cf134cc2d5cdf66939d0902f8267d938b0d5b26707f"
            ],
            "index": "pypi",
            "version": "==0.2.1"
        },
        "pbr": {
            "hashes": [
                "sha256:3747c6f017f2dc099986c325239661948f9f5176f6880d9fdef164cb664cd665",
                "sha256:a9c27eb8f0e24e786e544b2dbaedb729c9d8546342b5a6818d8eda098ad4340d"
            ],
            "index": "pypi",
            "version": "==4.0.4"
        },
        "pexpect": {
            "hashes": [
                "sha256:2a8e88259839571d1251d278476f3eec5db26deb73a70be5ed5dc5435e418aba",
                "sha256:3fbd41d4caf27fa4a377bfd16fef87271099463e6fa73e92a52f92dfee5d425b"
            ],
            "index": "pypi",
            "version": "==4.6.0"
        },
        "pickleshare": {
            "hashes": [
                "sha256:84a9257227dfdd6fe1b4be1319096c20eb85ff1e82c7932f36efccfe1b09737b",
                "sha256:c9a2541f25aeabc070f12f452e1f2a8eae2abd51e1cd19e8430402bdf4c1d8b5"
            ],
            "index": "pypi",
            "version": "==0.7.4"
        },
        "pluggy": {
            "hashes": [
                "sha256:7f8ae7f5bdf75671a718d2daf0a64b7885f74510bcd98b1a0bb420eb9a9d0cff",
                "sha256:d345c8fe681115900d6da8d048ba67c25df42973bda370783cd58826442dcd7c",
                "sha256:e160a7fcf25762bb60efc7e171d4497ff1d8d2d75a3d0df7a21b76821ecbf5c5"
            ],
            "index": "pypi",
            "version": "==0.6.0"
        },
        "ply": {
            "hashes": [
                "sha256:00c7c1aaa88358b9c765b6d3000c6eec0ba42abca5351b095321aef446081da3",
                "sha256:096f9b8350b65ebd2fd1346b12452efe5b9607f7482813ffca50c22722a807ce"
            ],
            "index": "pypi",
            "version": "==3.11"
        },
        "prompt-toolkit": {
            "hashes": [
                "sha256:1df952620eccb399c53ebb359cc7d9a8d3a9538cb34c5a1344bdbeb29fbcc381",
                "sha256:3f473ae040ddaa52b52f97f6b4a493cfa9f5920c255a12dc56a7d34397a398a4",
                "sha256:858588f1983ca497f1cf4ffde01d978a3ea02b01c8a26a8bbc5cd2e66d816917"
            ],
            "index": "pypi",
            "version": "==1.0.15"
        },
        "ptyprocess": {
            "hashes": [
                "sha256:e64193f0047ad603b71f202332ab5527c5e52aa7c8b609704fc28c0dc20c4365",
                "sha256:e8c43b5eee76b2083a9badde89fd1bbce6c8942d1045146e100b7b5e014f4f1a"
            ],
            "index": "pypi",
            "version": "==0.5.2"
        },
        "py": {
            "hashes": [
                "sha256:29c9fab495d7528e80ba1e343b958684f4ace687327e6f789a94bf3d1915f881",
                "sha256:983f77f3331356039fdd792e9220b7b8ee1aa6bd2b25f567a963ff1de5a64f6a"
            ],
            "index": "pypi",
            "version": "==1.5.3"
        },
        "pycodestyle": {
            "hashes": [
                "sha256:cbc619d09254895b0d12c2c691e237b2e91e9b2ecf5e84c26b35400f93dcfb83",
                "sha256:cbfca99bd594a10f674d0cd97a3d802a1fdef635d4361e1a2658de47ed261e3a"
            ],
            "index": "pypi",
            "version": "==2.4.0"
        },
        "pygments": {
            "hashes": [
                "sha256:78f3f434bcc5d6ee09020f92ba487f95ba50f1e3ef83ae96b9d5ffa1bab25c5d",
                "sha256:dbae1046def0efb574852fab9e90209b23f556367b5a320c0bcb871c77c3e8cc"
            ],
            "index": "pypi",
            "version": "==2.2.0"
        },
        "pyldavis": {
            "hashes": [
                "sha256:022041229a8fa88eee354bb19896f3e87293a82f90be98ad0df1fdd494a0fa22"
            ],
            "index": "pypi",
            "version": "==2.1.2"
        },
        "pylinkvalidator": {
            "hashes": [
                "sha256:125d252ca7dd772cfac8474abc3c31404f1a6ee750b3f75cc4e8827a9cff7675",
                "sha256:84cee114990938998ec32c9a74f4de0719cf79c232f71bd327169b3d64ae75d2"
            ],
            "index": "pypi",
            "version": "==0.3"
        },
        "pylint": {
            "hashes": [
                "sha256:0b7e6b5d9f1d4e0b554b5d948f14ed7969e8cdf9a0120853e6e5af60813b18ab",
                "sha256:34738a82ab33cbd3bb6cd4cef823dbcabdd2b6b48a4e3a3054a2bbbf0c712be9"
            ],
            "index": "pypi",
            "version": "==1.8.4"
        },
        "pyparsing": {
            "hashes": [
                "sha256:0832bcf47acd283788593e7a0f542407bd9550a55a8a8435214a1960e04bcb04",
                "sha256:fee43f17a9c4087e7ed1605bd6df994c6173c1e977d7ade7b651292fab2bd010"
            ],
            "index": "pypi",
            "version": "==2.2.0"
        },
        "pytest": {
            "hashes": [
                "sha256:26838b2bc58620e01675485491504c3aa7ee0faf335c37fcd5f8731ca4319591",
                "sha256:32c49a69566aa7c333188149ad48b58ac11a426d5352ea3d8f6ce843f88199cb"
            ],
            "index": "pypi",
            "version": "==3.6.1"
        },
        "python-dateutil": {
            "hashes": [
                "sha256:1adb80e7a782c12e52ef9a8182bebeb73f1d7e24e374397af06fb4956c8dc5c0",
                "sha256:e27001de32f627c22380a688bcc43ce83504a7bc5da472209b4c70f02829f0b8"
            ],
            "index": "pypi",
            "version": "==2.7.3"
        },
        "python-slugify": {
            "hashes": [
                "sha256:5dbb360b882b2dabe0471a1a92f604504d83c2a73c71f2098d004ab62e695534"
            ],
            "index": "pypi",
            "version": "==1.2.5"
        },
        "pytz": {
            "hashes": [
                "sha256:65ae0c8101309c45772196b21b74c46b2e5d11b6275c45d251b150d5da334555",
                "sha256:c06425302f2cf668f1bba7a0a03f3c1d34d4ebeef2c72003da308b3947c7f749"
            ],
            "index": "pypi",
            "version": "==2018.4"
        },
        "requests": {
            "hashes": [
                "sha256:99dcfdaaeb17caf6e526f32b6a7b780461512ab3f1d992187801694cba42770c",
                "sha256:a84b8c9ab6239b578f22d1c21d51b696dcfe004032bb80ea832398d6909d7279"
            ],
            "index": "pypi",
            "version": "==2.20.0"
        },
        "s3transfer": {
            "hashes": [
                "sha256:90dc18e028989c609146e241ea153250be451e05ecc0c2832565231dacdf59c1",
                "sha256:c7a9ec356982d5e9ab2d4b46391a7d6a950e2b04c472419f5fdec70cc0ada72f"
            ],
            "index": "pypi",
            "version": "==0.1.13"
        },
        "scikit-learn": {
            "hashes": [
                "sha256:13136c6e4f6b808569f7f59299d439b2cd718f85d72ea14b5b6077d44ebc7d17",
                "sha256:370919e3148253fd6552496c33a1e3d78290a336fc8d1b9349d9e9770fae6ec0",
                "sha256:3775cca4ce3f94508bb7c8a6b113044b78c16b0a30a5c169ddeb6b9fe57a8a72",
                "sha256:42f3c5bd893ed73bf47ccccf04dfb98fae743f397d688bb58c2238c0e6ec15d2",
                "sha256:56cfa19c31edf62e6414da0a337efee37a4af488b135640e67238786b9be6ab3",
                "sha256:5c9ff456d67ef9094e5ea272fff2be05d399a47fc30c6c8ed653b94bdf787bd1",
                "sha256:5ca0ad32ee04abe0d4ba02c8d89d501b4e5e0304bdf4d45c2e9875a735b323a0",
                "sha256:5db9e68a384ce80a17fc449d4d5d9b45025fe17cf468429599bf404eccb51049",
                "sha256:72c194c5092e921d6107a8de8a5adae58c35bbc54e030ba624b6f02fd823bb21",
                "sha256:871669cdb5b3481650fe3adff46eb97c455e30ecdc307eaf382ef90d4e2570ab",
                "sha256:873245b03361710f47c5410a050dc56ee8ae97b9f8dcc6e3a81521ca2b64ad10",
                "sha256:8b17fc29554c5c98d88142f895516a5bec2b6b61daa815e1193a64c868ad53d2",
                "sha256:95b155ef6bf829ddfba6026f100ba8e4218b7171ecab97b2163bc9e8d206848f",
                "sha256:a21cf8217e31a9e8e32c559246e05e6909981816152406945ae2e3e244dfcc1f",
                "sha256:ba3fd442ae1a46830789b3578867daaf2c8409dcca6bf192e30e85beeabbfc2f",
                "sha256:ce78bf4d10bd7e28807c36c6d2ab25a9934aaf80906ad987622a5e45627d91a2",
                "sha256:d384e6f9a055b7a43492f9d27779adb717eb5dcf78b0603b01d0f070a608d241",
                "sha256:d4da369614e55540c7e830ccdd17ab4fe5412ff8e803a4906d3ece393e2e3a63",
                "sha256:ddc1eb10138ae93c136cc4b5945d3977f302b5d693592a4731b2805a7d7f2a74",
                "sha256:e54a3dd1fe1f8124de90b93c48d120e6da2ea8df29b6895325df01ddc1bd8e26",
                "sha256:ee8c3b1898c728b6e5b5659c233f547700a1fea13ce876b6fe7d3434c70cc0e0",
                "sha256:f528c4b2bba652cf116f5cccf36f4db95a7f9cbfcd1ee549c4e8d0f8628783b5",
                "sha256:f9abae483f4d52acd6f660addb1b67e35dc5748655250af479de2ea6aefc6df0"
            ],
            "index": "pypi",
            "version": "==0.19.1"
        },
        "scipy": {
            "hashes": [
                "sha256:0611ee97296265af4a21164a5323f8c1b4e8e15c582d3dfa7610825900136bb7",
                "sha256:08237eda23fd8e4e54838258b124f1cd141379a5f281b0a234ca99b38918c07a",
                "sha256:0e645dbfc03f279e1946cf07c9c754c2a1859cb4a41c5f70b25f6b3a586b6dbd",
                "sha256:0e9bb7efe5f051ea7212555b290e784b82f21ffd0f655405ac4f87e288b730b3",
                "sha256:108c16640849e5827e7d51023efb3bd79244098c3f21e4897a1007720cb7ce37",
                "sha256:340ef70f5b0f4e2b4b43c8c8061165911bc6b2ad16f8de85d9774545e2c47463",
                "sha256:3ad73dfc6f82e494195144bd3a129c7241e761179b7cb5c07b9a0ede99c686f3",
                "sha256:3b243c77a822cd034dad53058d7c2abf80062aa6f4a32e9799c95d6391558631",
                "sha256:404a00314e85eca9d46b80929571b938e97a143b4f2ddc2b2b3c91a4c4ead9c5",
                "sha256:423b3ff76957d29d1cce1bc0d62ebaf9a3fdfaf62344e3fdec14619bb7b5ad3a",
                "sha256:42d9149a2fff7affdd352d157fa5717033767857c11bd55aa4a519a44343dfef",
                "sha256:625f25a6b7d795e8830cb70439453c9f163e6870e710ec99eba5722775b318f3",
                "sha256:698c6409da58686f2df3d6f815491fd5b4c2de6817a45379517c92366eea208f",
                "sha256:729f8f8363d32cebcb946de278324ab43d28096f36593be6281ca1ee86ce6559",
                "sha256:8190770146a4c8ed5d330d5b5ad1c76251c63349d25c96b3094875b930c44692",
                "sha256:878352408424dffaa695ffedf2f9f92844e116686923ed9aa8626fc30d32cfd1",
                "sha256:8b984f0821577d889f3c7ca8445564175fb4ac7c7f9659b7c60bef95b2b70e76",
                "sha256:8f841bbc21d3dad2111a94c490fb0a591b8612ffea86b8e5571746ae76a3deac",
                "sha256:c22b27371b3866c92796e5d7907e914f0e58a36d3222c5d436ddd3f0e354227a",
                "sha256:d0cdd5658b49a722783b8b4f61a6f1f9c75042d0e29a30ccb6cacc9b25f6d9e2",
                "sha256:d40dc7f494b06dcee0d303e51a00451b2da6119acbeaccf8369f2d29e28917ac",
                "sha256:d8491d4784aceb1f100ddb8e31239c54e4afab8d607928a9f7ef2469ec35ae01",
                "sha256:dfc5080c38dde3f43d8fbb9c0539a7839683475226cf83e4b24363b227dfe552",
                "sha256:e24e22c8d98d3c704bb3410bce9b69e122a8de487ad3dbfe9985d154e5c03a40",
                "sha256:e7a01e53163818d56eabddcafdc2090e9daba178aad05516b20c6591c4811020",
                "sha256:ee677635393414930541a096fc8e61634304bb0153e4e02b75685b11eba14cae",
                "sha256:f0521af1b722265d824d6ad055acfe9bd3341765735c44b5a4d0069e189a0f40",
                "sha256:f25c281f12c0da726c6ed00535ca5d1622ec755c30a3f8eafef26cf43fede694"
            ],
            "index": "pypi",
            "version": "==1.1.0"
        },
        "simplegeneric": {
            "hashes": [
                "sha256:dc972e06094b9af5b855b3df4a646395e43d1c9d0d39ed345b7393560d0b9173"
            ],
            "index": "pypi",
            "version": "==0.8.1"
        },
        "six": {
            "hashes": [
                "sha256:70e8a77beed4562e7f14fe23a786b54f6296e34344c23bc42f07b15018ff98e9",
                "sha256:832dc0e10feb1aa2c68dcc57dbb658f1c7e65b9b61af69048abc87a2db00a0eb"
            ],
            "index": "pypi",
            "version": "==1.11.0"
        },
        "sklearn": {
            "hashes": [
                "sha256:e23001573aa194b834122d2b9562459bf5ae494a2d59ca6b8aa22c85a44c0e31"
            ],
            "index": "pypi",
            "version": "==0.0"
        },
        "smart-open": {
            "hashes": [
                "sha256:f7b48789ffbbb73108fa3bf5f5431958611c752a56bc93ab9ffdf5de6e122c78"
            ],
            "index": "pypi",
            "version": "==1.5.7"
        },
        "traitlets": {
            "hashes": [
                "sha256:9c4bd2d267b7153df9152698efb1050a5d84982d3384a37b2c1f7723ba3e7835",
                "sha256:c6cb5e6f57c5a9bdaa40fa71ce7b4af30298fbab9ece9815b5d995ab6217c7d9"
            ],
            "index": "pypi",
            "version": "==4.3.2"
        },
        "ubelt": {
            "hashes": [
                "sha256:167df3b8f4b7c17bbd43c0112f190933ec9a4b2778813ea7892fcf8b53bb7411",
                "sha256:727b1c6b084367161e9342c6a5ea16c7f0ac4f2fc468cc6ca10aa41edc80495a"
            ],
            "index": "pypi",
            "version": "==0.8.7"
        },
        "unidecode": {
            "hashes": [
                "sha256:72f49d3729f3d8f5799f710b97c1451c5163102e76d64d20e170aedbbd923582",
                "sha256:8c33dd588e0c9bc22a76eaa0c715a5434851f726131bd44a6c26471746efabf5"
            ],
            "index": "pypi",
            "version": "==1.0.22"
        },
        "urllib3": {
            "hashes": [
                "sha256:2393a695cd12afedd0dcb26fe5d50d0cf248e5a66f75dbd89a3d4eb333a61af4",
                "sha256:a637e5fae88995b256e3409dc4d52c2e2e0ba32c42a6365fee8bbd2238de3cfb"
            ],
            "index": "pypi",
            "version": "==1.24.3"
        },
        "wcwidth": {
            "hashes": [
                "sha256:3df37372226d6e63e1b1e1eda15c594bca98a22d33a23832a90998faa96bc65e",
                "sha256:f4ebe71925af7b40a864553f761ed559b43544f8f71746c2d756c7fe788ade7c"
            ],
            "index": "pypi",
            "version": "==0.1.7"
        },
        "wheel": {
            "hashes": [
                "sha256:10c9da68765315ed98850f8e048347c3eb06dd81822dc2ab1d4fde9dc9702646",
                "sha256:f4da1763d3becf2e2cd92a14a7c920f0f00eca30fdde9ea992c836685b9faf28"
            ],
            "version": "==0.33.6"
        },
        "wrapt": {
            "hashes": [
                "sha256:d4d560d479f2c21e1b5443bbd15fe7ec4b37fe7e53d335d3b9b0a7b1226fe3c6"
            ],
            "index": "pypi",
            "version": "==1.10.11"
        }
    },
    "develop": {}
}
